# This file is automatically @generated by Cargo.
# It is not intended for manual editing.
version = 4

[[package]]
name = "pi-agent-compat-pi-jsonl"
version = "0.1.0"

[[package]]
name = "pi-agent-core"
version = "0.1.0"

[[package]]
name = "pi-agent-env"
version = "0.1.0"

[[package]]
name = "pi-agent-harness"
version = "0.1.0"

[[package]]
name = "pi-agent-runtime-tokio"
version = "0.1.0"

[[package]]
name = "pi-agent-session"
version = "0.1.0"

[[package]]
name = "pi-ai"
version = "0.1.0"
