{
  "lockfileVersion": 1,
  "configVersion": 1,
  "workspaces": {
    "": {
      "name": "pi-m4-fixture-capture",
      "dependencies": {
        "@anthropic-ai/sdk": "0.91.1",
        "openai": "6.40.0",
        "partial-json": "0.1.7",
      },
    },
  },
  "packages": {
    "@anthropic-ai/sdk": ["@anthropic-ai/sdk@0.91.1", "", { "dependencies": { "json-schema-to-ts": "^3.1.1" }, "peerDependencies": { "zod": "^3.25.0 || ^4.0.0" }, "optionalPeers": ["zod"], "bin": { "anthropic-ai-sdk": "bin/cli" } }, "sha512-LAmu761tSN9r66ixvmciswUj/ZC+1Q4iAfpedTfSVLeswRwnY3n2Nb6Tsk+cLPP28aLOPWeMgIuTuCcMC6W/iw=="],

    "@babel/runtime": ["@babel/runtime@7.29.7", "", {}, "sha512-Nq8OhGWiZIZGV6hLHoyAKLLcJihP/xFeBMGJoUrxTX2psI8dCifzLhZISFb+VWS3wFMRDmCGw5R+dOySCqPLhw=="],

    "json-schema-to-ts": ["json-schema-to-ts@3.1.1", "", { "dependencies": { "@babel/runtime": "^7.18.3", "ts-algebra": "^2.0.0" } }, "sha512-+DWg8jCJG2TEnpy7kOm/7/AxaYoaRbjVB4LFZLySZlWn8exGs3A4OLJR966cVvU26N7X9TWxl+Jsw7dzAqKT6g=="],

    "openai": ["openai@6.40.0", "", { "peerDependencies": { "ws": "^8.18.0", "zod": "^3.25 || ^4.0" }, "optionalPeers": ["ws", "zod"] }, "sha512-MWtTjd/gQt4jpbji61NTgFWJLoY/PdRJ6wG9/ZDRMYNMlBKrCrSlkLI+KgHP1vR1qT6LKSAyAqIxno6lcK9JiA=="],

    "partial-json": ["partial-json@0.1.7", "", {}, "sha512-Njv/59hHaokb/hRUjce3Hdv12wd60MtM9Z5Olmn+nehe0QDAsRtRbJPvJ0Z91TusF0SuZRIvnM+S4l6EIP8leA=="],

    "ts-algebra": ["ts-algebra@2.0.0", "", {}, "sha512-FPAhNPFMrkwz76P7cdjdmiShwMynZYN6SgOujD1urY4oNm80Ou9oMdmbR45LotcKOXoy7wSmHkRFE6Mxbrhefw=="],
  }
}
